{
  "name": "gkt-node",
  "version": "3.10.2",
  "lockfileVersion": 3,
  "requires": true,
  "packages": {
    "": {
      "name": "gkt-node",
      "version": "3.10.2",
      "license": "MIT",
      "bin": {
        "gkt": "bin/cli.js",
        "gkt-node": "bin/cli.js"
      },
      "engines": {
        "node": ">=16.0.0"
      }
    }
  }
}
